
Microsoft Visual Studio Solution File, Format Version 12.00
Project("{FAE04EC0-301F-11D3-BF4B-00C04F79EFBC}") = "GR", "GR\GR.csproj", "{59AA755C-F332-470B-A8D5-1E545A1DEEFB}"
EndProject
Project("{FAE04EC0-301F-11D3-BF4B-00C04F79EFBC}") = "UT", "UT\UT.csproj", "{9747903F-213B-4B18-B9CD-433CDDFEEFE2}"
EndProject
Global
	GlobalSection(SolutionConfigurationPlatforms) = preSolution
		Debug|Any CPU = Debug|Any CPU
		Release|Any CPU = Release|Any CPU
	EndGlobalSection
	GlobalSection(ProjectConfigurationPlatforms) = postSolution
		{59AA755C-F332-470B-A8D5-1E545A1DEEFB}.Debug|Any CPU.ActiveCfg = Debug|Any CPU
		{59AA755C-F332-470B-A8D5-1E545A1DEEFB}.Debug|Any CPU.Build.0 = Debug|Any CPU
		{59AA755C-F332-470B-A8D5-1E545A1DEEFB}.Release|Any CPU.ActiveCfg = Release|Any CPU
		{59AA755C-F332-470B-A8D5-1E545A1DEEFB}.Release|Any CPU.Build.0 = Release|Any CPU
		{9747903F-213B-4B18-B9CD-433CDDFEEFE2}.Debug|Any CPU.ActiveCfg = Debug|Any CPU
		{9747903F-213B-4B18-B9CD-433CDDFEEFE2}.Debug|Any CPU.Build.0 = Debug|Any CPU
		{9747903F-213B-4B18-B9CD-433CDDFEEFE2}.Release|Any CPU.ActiveCfg = Release|Any CPU
		{9747903F-213B-4B18-B9CD-433CDDFEEFE2}.Release|Any CPU.Build.0 = Release|Any CPU
	EndGlobalSection
EndGlobal
